
Microsoft Visual Studio Solution File, Format Version 12.00
# Visual Studio Version 16
VisualStudioVersion = 16.0.31410.357
MinimumVisualStudioVersion = 10.0.40219.1
Project("{FAE04EC0-301F-11D3-BF4B-00C04F79EFBC}") = "CrossBrowser", "CrossBrowser\CrossBrowser.csproj", "{485DD022-85FC-4BD4-86B8-C5F5F1C5309E}"
EndProject
Global
	GlobalSection(SolutionConfigurationPlatforms) = preSolution
		Debug|Any CPU = Debug|Any CPU
		Release|Any CPU = Release|Any CPU
	EndGlobalSection
	GlobalSection(ProjectConfigurationPlatforms) = postSolution
		{485DD022-85FC-4BD4-86B8-C5F5F1C5309E}.Debug|Any CPU.ActiveCfg = Debug|Any CPU
		{485DD022-85FC-4BD4-86B8-C5F5F1C5309E}.Debug|Any CPU.Build.0 = Debug|Any CPU
		{485DD022-85FC-4BD4-86B8-C5F5F1C5309E}.Release|Any CPU.ActiveCfg = Release|Any CPU
		{485DD022-85FC-4BD4-86B8-C5F5F1C5309E}.Release|Any CPU.Build.0 = Release|Any CPU
	EndGlobalSection
	GlobalSection(SolutionProperties) = preSolution
		HideSolutionNode = FALSE
	EndGlobalSection
	GlobalSection(ExtensibilityGlobals) = postSolution
		SolutionGuid = {774F7E95-7069-4A1C-90B9-B90E2918CD26}
	EndGlobalSection
EndGlobal
